
Microsoft Visual Studio Solution File, Format Version 12.00
# Visual Studio Version 16
VisualStudioVersion = 16.0.810.6
MinimumVisualStudioVersion = 10.0.40219.1
Project("{FAE04EC0-301F-11D3-BF4B-00C04F79EFBC}") = "OpenWeatherAppAPI", "OpenWeatherAppAPI\OpenWeatherAppAPI.csproj", "{0BA441B1-2C4A-4727-9837-5F5FBDA9E8F1}"
EndProject
Global
	GlobalSection(SolutionConfigurationPlatforms) = preSolution
		Debug|Any CPU = Debug|Any CPU
		Release|Any CPU = Release|Any CPU
	EndGlobalSection
	GlobalSection(ProjectConfigurationPlatforms) = postSolution
		{0BA441B1-2C4A-4727-9837-5F5FBDA9E8F1}.Debug|Any CPU.ActiveCfg = Debug|Any CPU
		{0BA441B1-2C4A-4727-9837-5F5FBDA9E8F1}.Debug|Any CPU.Build.0 = Debug|Any CPU
		{0BA441B1-2C4A-4727-9837-5F5FBDA9E8F1}.Release|Any CPU.ActiveCfg = Release|Any CPU
		{0BA441B1-2C4A-4727-9837-5F5FBDA9E8F1}.Release|Any CPU.Build.0 = Release|Any CPU
	EndGlobalSection
	GlobalSection(SolutionProperties) = preSolution
		HideSolutionNode = FALSE
	EndGlobalSection
	GlobalSection(ExtensibilityGlobals) = postSolution
		SolutionGuid = {4BA0FC96-B21E-4578-B7D9-F1FE2D132C7C}
	EndGlobalSection
EndGlobal
